
Microsoft Visual Studio Solution File, Format Version 12.00
# Visual Studio 14
VisualStudioVersion = 14.0.24720.0
MinimumVisualStudioVersion = 10.0.40219.1
Project("{8BC9CEB8-8B4A-11D0-8D11-00A0C91BC942}") = "Iris Compiler", "Iris Compiler\Iris Compiler.vcxproj", "{4E0DE9A8-3981-4B14-840D-06DBFCF64850}"
EndProject
Project("{8BC9CEB8-8B4A-11D0-8D11-00A0C91BC942}") = "IrisLangLibrary", "IrisLangLibrary\IrisLangLibrary.vcxproj", "{D7BB622B-30FB-4787-AFC8-CBAD966A53DB}"
EndProject
Project("{8BC9CEB8-8B4A-11D0-8D11-00A0C91BC942}") = "Iris Library Test", "Iris Library Test\Iris Library Test.vcxproj", "{7D8EB859-FE3F-4011-8358-CB16DCE76299}"
EndProject
Project("{8BC9CEB8-8B4A-11D0-8D11-00A0C91BC942}") = "Iris Pointer Extension", "Iris Pointer Extension\Iris Pointer Extension.vcxproj", "{E4B3F966-C96E-48F1-BE2E-2A66A2968C7F}"
EndProject
Global
	GlobalSection(SolutionConfigurationPlatforms) = preSolution
		Debug|Win32 = Debug|Win32
		Debug|x64 = Debug|x64
		Release|Win32 = Release|Win32
		Release|x64 = Release|x64
	EndGlobalSection
	GlobalSection(ProjectConfigurationPlatforms) = postSolution
		{4E0DE9A8-3981-4B14-840D-06DBFCF64850}.Debug|Win32.ActiveCfg = Debug|Win32
		{4E0DE9A8-3981-4B14-840D-06DBFCF64850}.Debug|Win32.Build.0 = Debug|Win32
		{4E0DE9A8-3981-4B14-840D-06DBFCF64850}.Debug|x64.ActiveCfg = Debug|x64
		{4E0DE9A8-3981-4B14-840D-06DBFCF64850}.Debug|x64.Build.0 = Debug|x64
		{4E0DE9A8-3981-4B14-840D-06DBFCF64850}.Release|Win32.ActiveCfg = Release|Win32
		{4E0DE9A8-3981-4B14-840D-06DBFCF64850}.Release|Win32.Build.0 = Release|Win32
		{4E0DE9A8-3981-4B14-840D-06DBFCF64850}.Release|x64.ActiveCfg = Release|x64
		{4E0DE9A8-3981-4B14-840D-06DBFCF64850}.Release|x64.Build.0 = Release|x64
		{D7BB622B-30FB-4787-AFC8-CBAD966A53DB}.Debug|Win32.ActiveCfg = Debug|Win32
		{D7BB622B-30FB-4787-AFC8-CBAD966A53DB}.Debug|Win32.Build.0 = Debug|Win32
		{D7BB622B-30FB-4787-AFC8-CBAD966A53DB}.Debug|x64.ActiveCfg = Debug|x64
		{D7BB622B-30FB-4787-AFC8-CBAD966A53DB}.Debug|x64.Build.0 = Debug|x64
		{D7BB622B-30FB-4787-AFC8-CBAD966A53DB}.Release|Win32.ActiveCfg = Release|Win32
		{D7BB622B-30FB-4787-AFC8-CBAD966A53DB}.Release|Win32.Build.0 = Release|Win32
		{D7BB622B-30FB-4787-AFC8-CBAD966A53DB}.Release|x64.ActiveCfg = Release|x64
		{D7BB622B-30FB-4787-AFC8-CBAD966A53DB}.Release|x64.Build.0 = Release|x64
		{7D8EB859-FE3F-4011-8358-CB16DCE76299}.Debug|Win32.ActiveCfg = Debug|Win32
		{7D8EB859-FE3F-4011-8358-CB16DCE76299}.Debug|Win32.Build.0 = Debug|Win32
		{7D8EB859-FE3F-4011-8358-CB16DCE76299}.Debug|x64.ActiveCfg = Debug|x64
		{7D8EB859-FE3F-4011-8358-CB16DCE76299}.Debug|x64.Build.0 = Debug|x64
		{7D8EB859-FE3F-4011-8358-CB16DCE76299}.Release|Win32.ActiveCfg = Release|Win32
		{7D8EB859-FE3F-4011-8358-CB16DCE76299}.Release|Win32.Build.0 = Release|Win32
		{7D8EB859-FE3F-4011-8358-CB16DCE76299}.Release|x64.ActiveCfg = Release|x64
		{7D8EB859-FE3F-4011-8358-CB16DCE76299}.Release|x64.Build.0 = Release|x64
		{E4B3F966-C96E-48F1-BE2E-2A66A2968C7F}.Debug|Win32.ActiveCfg = Debug|Win32
		{E4B3F966-C96E-48F1-BE2E-2A66A2968C7F}.Debug|Win32.Build.0 = Debug|Win32
		{E4B3F966-C96E-48F1-BE2E-2A66A2968C7F}.Debug|x64.ActiveCfg = Debug|x64
		{E4B3F966-C96E-48F1-BE2E-2A66A2968C7F}.Debug|x64.Build.0 = Debug|x64
		{E4B3F966-C96E-48F1-BE2E-2A66A2968C7F}.Release|Win32.ActiveCfg = Release|Win32
		{E4B3F966-C96E-48F1-BE2E-2A66A2968C7F}.Release|Win32.Build.0 = Release|Win32
		{E4B3F966-C96E-48F1-BE2E-2A66A2968C7F}.Release|x64.ActiveCfg = Release|x64
		{E4B3F966-C96E-48F1-BE2E-2A66A2968C7F}.Release|x64.Build.0 = Release|x64
	EndGlobalSection
	GlobalSection(SolutionProperties) = preSolution
		HideSolutionNode = FALSE
	EndGlobalSection
EndGlobal
