<?xml version="1.0" encoding="utf-8"?>
<Project ToolsVersion="4.0" xmlns="http://schemas.microsoft.com/developer/msbuild/2003">
  <ItemGroup>
    <Filter Include="源文件">
      <UniqueIdentifier>{4FC737F1-C7A5-4376-A066-2A32D752A2FF}</UniqueIdentifier>
      <Extensions>cpp;c;cc;cxx;def;odl;idl;hpj;bat;asm;asmx</Extensions>
    </Filter>
    <Filter Include="头文件">
      <UniqueIdentifier>{93995380-89BD-4b04-88EB-625FBE52EBFB}</UniqueIdentifier>
      <Extensions>h;hh;hpp;hxx;hm;inl;inc;xsd</Extensions>
    </Filter>
    <Filter Include="资源文件">
      <UniqueIdentifier>{67DA6AB6-F800-4c08-8B7A-83BB121AAD01}</UniqueIdentifier>
      <Extensions>rc;ico;cur;bmp;dlg;rc2;rct;bin;rgs;gif;jpg;jpeg;jpe;resx;tiff;tif;png;wav;mfcribbon-ms</Extensions>
    </Filter>
  </ItemGroup>
  <ItemGroup>
    <Text Include="ReadMe.txt" />
  </ItemGroup>
  <ItemGroup>
    <ClInclude Include="include\IrisComponents\IrisExpressions\IrisArrayExpression.h">
      <Filter>头文件</Filter>
    </ClInclude>
    <ClInclude Include="include\IrisComponents\IrisExpressions\IrisBinaryExpression.h">
      <Filter>头文件</Filter>
    </ClInclude>
    <ClInclude Include="include\IrisComponents\IrisExpressions\IrisExpression.h">
      <Filter>头文件</Filter>
    </ClInclude>
    <ClInclude Include="include\IrisComponents\IrisExpressions\IrisFieldExpression.h">
      <Filter>头文件</Filter>
    </ClInclude>
    <ClInclude Include="include\IrisComponents\IrisExpressions\IrisFunctionCallExpression.h">
      <Filter>头文件</Filter>
    </ClInclude>
    <ClInclude Include="include\IrisComponents\IrisExpressions\IrisHashExpression.h">
      <Filter>头文件</Filter>
    </ClInclude>
    <ClInclude Include="include\IrisComponents\IrisExpressions\IrisIdentifierExpression.h">
      <Filter>头文件</Filter>
    </ClInclude>
    <ClInclude Include="include\IrisComponents\IrisExpressions\IrisIndexExpression.h">
      <Filter>头文件</Filter>
    </ClInclude>
    <ClInclude Include="include\IrisComponents\IrisExpressions\IrisInstantValueExpression.h">
      <Filter>头文件</Filter>
    </ClInclude>
    <ClInclude Include="include\IrisComponents\IrisExpressions\IrisMemberExpression.h">
      <Filter>头文件</Filter>
    </ClInclude>
    <ClInclude Include="include\IrisComponents\IrisExpressions\IrisNativeObjectExpression.h">
      <Filter>头文件</Filter>
    </ClInclude>
    <ClInclude Include="include\IrisComponents\IrisExpressions\IrisRangeExpression.h">
      <Filter>头文件</Filter>
    </ClInclude>
    <ClInclude Include="include\IrisComponents\IrisExpressions\IrisSelfExpression.h">
      <Filter>头文件</Filter>
    </ClInclude>
    <ClInclude Include="include\IrisComponents\IrisExpressions\IrisSelfFunctionCallExpression.h">
      <Filter>头文件</Filter>
    </ClInclude>
    <ClInclude Include="include\IrisComponents\IrisExpressions\IrisSelfMemberExpression.h">
      <Filter>头文件</Filter>
    </ClInclude>
    <ClInclude Include="include\IrisComponents\IrisExpressions\IrisUnaryExpression.h">
      <Filter>头文件</Filter>
    </ClInclude>
    <ClInclude Include="include\IrisComponents\IrisParts\IrisClosureBlockLiteral.h">
      <Filter>头文件</Filter>
    </ClInclude>
    <ClInclude Include="include\IrisComponents\IrisParts\IrisElseIf.h">
      <Filter>头文件</Filter>
    </ClInclude>
    <ClInclude Include="include\IrisComponents\IrisParts\IrisFieldIdentifier.h">
      <Filter>头文件</Filter>
    </ClInclude>
    <ClInclude Include="include\IrisComponents\IrisParts\IrisFunctionHeader.h">
      <Filter>头文件</Filter>
    </ClInclude>
    <ClInclude Include="include\IrisComponents\IrisParts\IrisHashPair.h">
      <Filter>头文件</Filter>
    </ClInclude>
    <ClInclude Include="include\IrisComponents\IrisParts\IrisSwitchBlock.h">
      <Filter>头文件</Filter>
    </ClInclude>
    <ClInclude Include="include\IrisComponents\IrisParts\IrisWhen.h">
      <Filter>头文件</Filter>
    </ClInclude>
    <ClInclude Include="include\IrisComponents\IrisStatements\IrisAuthorityStatement.h">
      <Filter>头文件</Filter>
    </ClInclude>
    <ClInclude Include="include\IrisComponents\IrisStatements\IrisBlockStatement.h">
      <Filter>头文件</Filter>
    </ClInclude>
    <ClInclude Include="include\IrisComponents\IrisStatements\IrisBreakStatement.h">
      <Filter>头文件</Filter>
    </ClInclude>
    <ClInclude Include="include\IrisComponents\IrisStatements\IrisCastStatement.h">
      <Filter>头文件</Filter>
    </ClInclude>
    <ClInclude Include="include\IrisComponents\IrisStatements\IrisClassStatement.h">
      <Filter>头文件</Filter>
    </ClInclude>
    <ClInclude Include="include\IrisComponents\IrisStatements\IrisConditionIfStatement.h">
      <Filter>头文件</Filter>
    </ClInclude>
    <ClInclude Include="include\IrisComponents\IrisStatements\IrisContinueStatement.h">
      <Filter>头文件</Filter>
    </ClInclude>
    <ClInclude Include="include\IrisComponents\IrisStatements\IrisForStatement.h">
      <Filter>头文件</Filter>
    </ClInclude>
    <ClInclude Include="include\IrisComponents\IrisStatements\IrisFunctionStatement.h">
      <Filter>头文件</Filter>
    </ClInclude>
    <ClInclude Include="include\IrisComponents\IrisStatements\IrisGetterStatement.h">
      <Filter>头文件</Filter>
    </ClInclude>
    <ClInclude Include="include\IrisComponents\IrisStatements\IrisGroanStatement.h">
      <Filter>头文件</Filter>
    </ClInclude>
    <ClInclude Include="include\IrisComponents\IrisStatements\IrisGSetterStatement.h">
      <Filter>头文件</Filter>
    </ClInclude>
    <ClInclude Include="include\IrisComponents\IrisStatements\IrisInterfaceFunctionStatement.h">
      <Filter>头文件</Filter>
    </ClInclude>
    <ClInclude Include="include\IrisComponents\IrisStatements\IrisInterfaceStatement.h">
      <Filter>头文件</Filter>
    </ClInclude>
    <ClInclude Include="include\IrisComponents\IrisStatements\IrisLoopIfStatement.h">
      <Filter>头文件</Filter>
    </ClInclude>
    <ClInclude Include="include\IrisComponents\IrisStatements\IrisModuleStatement.h">
      <Filter>头文件</Filter>
    </ClInclude>
    <ClInclude Include="include\IrisComponents\IrisStatements\IrisNormalStatement.h">
      <Filter>头文件</Filter>
    </ClInclude>
    <ClInclude Include="include\IrisComponents\IrisStatements\IrisOrderStatement.h">
      <Filter>头文件</Filter>
    </ClInclude>
    <ClInclude Include="include\IrisComponents\IrisStatements\IrisReturnStatement.h">
      <Filter>头文件</Filter>
    </ClInclude>
    <ClInclude Include="include\IrisComponents\IrisStatements\IrisSetterStatement.h">
      <Filter>头文件</Filter>
    </ClInclude>
    <ClInclude Include="include\IrisComponents\IrisStatements\IrisStatement.h">
      <Filter>头文件</Filter>
    </ClInclude>
    <ClInclude Include="include\IrisComponents\IrisStatements\IrisSuperStatement.h">
      <Filter>头文件</Filter>
    </ClInclude>
    <ClInclude Include="include\IrisComponents\IrisStatements\IrisSwitchStatement.h">
      <Filter>头文件</Filter>
    </ClInclude>
    <ClInclude Include="include\IrisComponents\LexYacc\unistd.h">
      <Filter>头文件</Filter>
    </ClInclude>
    <ClInclude Include="include\IrisComponents\LexYacc\y.tab.h">
      <Filter>头文件</Filter>
    </ClInclude>
    <ClInclude Include="include\IrisComponents\IrisComponentsDefines.h">
      <Filter>头文件</Filter>
    </ClInclude>
    <ClInclude Include="include\IrisComponents\IrisVirtualCodeStructures.h">
      <Filter>头文件</Filter>
    </ClInclude>
    <ClInclude Include="include\IrisInterfaces\IIrisClass.h">
      <Filter>头文件</Filter>
    </ClInclude>
    <ClInclude Include="include\IrisInterfaces\IIrisClosureBlock.h">
      <Filter>头文件</Filter>
    </ClInclude>
    <ClInclude Include="include\IrisInterfaces\IIrisContextEnvironment.h">
      <Filter>头文件</Filter>
    </ClInclude>
    <ClInclude Include="include\IrisInterfaces\IIrisInterface.h">
      <Filter>头文件</Filter>
    </ClInclude>
    <ClInclude Include="include\IrisInterfaces\IIrisInterString.h">
      <Filter>头文件</Filter>
    </ClInclude>
    <ClInclude Include="include\IrisInterfaces\IIrisModule.h">
      <Filter>头文件</Filter>
    </ClInclude>
    <ClInclude Include="include\IrisInterfaces\IIrisObject.h">
      <Filter>头文件</Filter>
    </ClInclude>
    <ClInclude Include="include\IrisInterfaces\IIrisValues.h">
      <Filter>头文件</Filter>
    </ClInclude>
    <ClInclude Include="include\IrisInterpreter\IrisNativeClasses\IrisArray.h">
      <Filter>头文件</Filter>
    </ClInclude>
    <ClInclude Include="include\IrisInterpreter\IrisNativeClasses\IrisArrayIterator.h">
      <Filter>头文件</Filter>
    </ClInclude>
    <ClInclude Include="include\IrisInterpreter\IrisNativeClasses\IrisArrayIteratorTag.h">
      <Filter>头文件</Filter>
    </ClInclude>
    <ClInclude Include="include\IrisInterpreter\IrisNativeClasses\IrisArrayTag.h">
      <Filter>头文件</Filter>
    </ClInclude>
    <ClInclude Include="include\IrisInterpreter\IrisNativeClasses\IrisClassBase.h">
      <Filter>头文件</Filter>
    </ClInclude>
    <ClInclude Include="include\IrisInterpreter\IrisNativeClasses\IrisClassBaseTag.h">
      <Filter>头文件</Filter>
    </ClInclude>
    <ClInclude Include="include\IrisInterpreter\IrisNativeClasses\IrisClosureBlockBase.h">
      <Filter>头文件</Filter>
    </ClInclude>
    <ClInclude Include="include\IrisInterpreter\IrisNativeClasses\IrisClosureBlockBaseTag.h">
      <Filter>头文件</Filter>
    </ClInclude>
    <ClInclude Include="include\IrisInterpreter\IrisNativeClasses\IrisDummyClass.h">
      <Filter>头文件</Filter>
    </ClInclude>
    <ClInclude Include="include\IrisInterpreter\IrisNativeClasses\IrisFalseClass.h">
      <Filter>头文件</Filter>
    </ClInclude>
    <ClInclude Include="include\IrisInterpreter\IrisNativeClasses\IrisFalseClassTag.h">
      <Filter>头文件</Filter>
    </ClInclude>
    <ClInclude Include="include\IrisInterpreter\IrisNativeClasses\IrisFloat.h">
      <Filter>头文件</Filter>
    </ClInclude>
    <ClInclude Include="include\IrisInterpreter\IrisNativeClasses\IrisFloatTag.h">
      <Filter>头文件</Filter>
    </ClInclude>
    <ClInclude Include="include\IrisInterpreter\IrisNativeClasses\IrisHash.h">
      <Filter>头文件</Filter>
    </ClInclude>
    <ClInclude Include="include\IrisInterpreter\IrisNativeClasses\IrisHashIterator.h">
      <Filter>头文件</Filter>
    </ClInclude>
    <ClInclude Include="include\IrisInterpreter\IrisNativeClasses\IrisHashIteratorTag.h">
      <Filter>头文件</Filter>
    </ClInclude>
    <ClInclude Include="include\IrisInterpreter\IrisNativeClasses\IrisHashTag.h">
      <Filter>头文件</Filter>
    </ClInclude>
    <ClInclude Include="include\IrisInterpreter\IrisNativeClasses\IrisInteger.h">
      <Filter>头文件</Filter>
    </ClInclude>
    <ClInclude Include="include\IrisInterpreter\IrisNativeClasses\IrisIntegerTag.h">
      <Filter>头文件</Filter>
    </ClInclude>
    <ClInclude Include="include\IrisInterpreter\IrisNativeClasses\IrisInterfaceBase.h">
      <Filter>头文件</Filter>
    </ClInclude>
    <ClInclude Include="include\IrisInterpreter\IrisNativeClasses\IrisInterfaceBaseTag.h">
      <Filter>头文件</Filter>
    </ClInclude>
    <ClInclude Include="include\IrisInterpreter\IrisNativeClasses\IrisMethodBase.h">
      <Filter>头文件</Filter>
    </ClInclude>
    <ClInclude Include="include\IrisInterpreter\IrisNativeClasses\IrisMethodBaseTag.h">
      <Filter>头文件</Filter>
    </ClInclude>
    <ClInclude Include="include\IrisInterpreter\IrisNativeClasses\IrisModuleBase.h">
      <Filter>头文件</Filter>
    </ClInclude>
    <ClInclude Include="include\IrisInterpreter\IrisNativeClasses\IrisModuleBaseTag.h">
      <Filter>头文件</Filter>
    </ClInclude>
    <ClInclude Include="include\IrisInterpreter\IrisNativeClasses\IrisNativeClasses.h">
      <Filter>头文件</Filter>
    </ClInclude>
    <ClInclude Include="include\IrisInterpreter\IrisNativeClasses\IrisNilClass.h">
      <Filter>头文件</Filter>
    </ClInclude>
    <ClInclude Include="include\IrisInterpreter\IrisNativeClasses\IrisNilClassTag.h">
      <Filter>头文件</Filter>
    </ClInclude>
    <ClInclude Include="include\IrisInterpreter\IrisNativeClasses\IrisObjectBase.h">
      <Filter>头文件</Filter>
    </ClInclude>
    <ClInclude Include="include\IrisInterpreter\IrisNativeClasses\IrisRange.h">
      <Filter>头文件</Filter>
    </ClInclude>
    <ClInclude Include="include\IrisInterpreter\IrisNativeClasses\IrisRangeIterator.h">
      <Filter>头文件</Filter>
    </ClInclude>
    <ClInclude Include="include\IrisInterpreter\IrisNativeClasses\IrisRangeIteratorTag.h">
      <Filter>头文件</Filter>
    </ClInclude>
    <ClInclude Include="include\IrisInterpreter\IrisNativeClasses\IrisRangeTag.h">
      <Filter>头文件</Filter>
    </ClInclude>
    <ClInclude Include="include\IrisInterpreter\IrisNativeClasses\IrisString.h">
      <Filter>头文件</Filter>
    </ClInclude>
    <ClInclude Include="include\IrisInterpreter\IrisNativeClasses\IrisStringTag.h">
      <Filter>头文件</Filter>
    </ClInclude>
    <ClInclude Include="include\IrisInterpreter\IrisNativeClasses\IrisTrueClass.h">
      <Filter>头文件</Filter>
    </ClInclude>
    <ClInclude Include="include\IrisInterpreter\IrisNativeClasses\IrisTrueClassTag.h">
      <Filter>头文件</Filter>
    </ClInclude>
    <ClInclude Include="include\IrisInterpreter\IrisNativeClasses\IrisUniqueString.h">
      <Filter>头文件</Filter>
    </ClInclude>
    <ClInclude Include="include\IrisInterpreter\IrisNativeClasses\IrisUniqueStringTag.h">
      <Filter>头文件</Filter>
    </ClInclude>
    <ClInclude Include="include\IrisInterpreter\IrisNativeModules\IrisDummyModule.h">
      <Filter>头文件</Filter>
    </ClInclude>
    <ClInclude Include="include\IrisInterpreter\IrisNativeModules\IrisGC.h">
      <Filter>头文件</Filter>
    </ClInclude>
    <ClInclude Include="include\IrisInterpreter\IrisNativeModules\IrisGCModule.h">
      <Filter>头文件</Filter>
    </ClInclude>
    <ClInclude Include="include\IrisInterpreter\IrisNativeModules\IrisKernel.h">
      <Filter>头文件</Filter>
    </ClInclude>
    <ClInclude Include="include\IrisInterpreter\IrisStructure\IrisClass.h">
      <Filter>头文件</Filter>
    </ClInclude>
    <ClInclude Include="include\IrisInterpreter\IrisStructure\IrisClosureBlock.h">
      <Filter>头文件</Filter>
    </ClInclude>
    <ClInclude Include="include\IrisInterpreter\IrisStructure\IrisContextEnvironment.h">
      <Filter>头文件</Filter>
    </ClInclude>
    <ClInclude Include="include\IrisInterpreter\IrisStructure\IrisInterface.h">
      <Filter>头文件</Filter>
    </ClInclude>
    <ClInclude Include="include\IrisInterpreter\IrisStructure\IrisMethod.h">
      <Filter>头文件</Filter>
    </ClInclude>
    <ClInclude Include="include\IrisInterpreter\IrisStructure\IrisModule.h">
      <Filter>头文件</Filter>
    </ClInclude>
    <ClInclude Include="include\IrisInterpreter\IrisStructure\IrisObject.h">
      <Filter>头文件</Filter>
    </ClInclude>
    <ClInclude Include="include\IrisThread\IrisConditionVariable.h">
      <Filter>头文件</Filter>
    </ClInclude>
    <ClInclude Include="include\IrisThread\IrisConditionVariableTag.h">
      <Filter>头文件</Filter>
    </ClInclude>
    <ClInclude Include="include\IrisThread\IrisMutex.h">
      <Filter>头文件</Filter>
    </ClInclude>
    <ClInclude Include="include\IrisThread\IrisMutexTag.h">
      <Filter>头文件</Filter>
    </ClInclude>
    <ClInclude Include="include\IrisThread\IrisThread.h">
      <Filter>头文件</Filter>
    </ClInclude>
    <ClInclude Include="include\IrisThread\IrisThreadManager.h">
      <Filter>头文件</Filter>
    </ClInclude>
    <ClInclude Include="include\IrisThread\IrisThreadTag.h">
      <Filter>头文件</Filter>
    </ClInclude>
    <ClInclude Include="include\IrisThread\IrisThreadUtil.h">
      <Filter>头文件</Filter>
    </ClInclude>
    <ClInclude Include="include\IrisThread\IrisWLLock.h">
      <Filter>头文件</Filter>
    </ClInclude>
    <ClInclude Include="include\IrisUnil\IrisMemoryPool\IrisAbstractMemoryPool.h">
      <Filter>头文件</Filter>
    </ClInclude>
    <ClInclude Include="include\IrisUnil\IrisMemoryPool\IrisMemoryPool.h">
      <Filter>头文件</Filter>
    </ClInclude>
    <ClInclude Include="include\IrisUnil\IrisMemoryPool\IrisMemoryPoolDefines.h">
      <Filter>头文件</Filter>
    </ClInclude>
    <ClInclude Include="include\IrisUnil\IrisMemoryPool\IrisObjectMemoryPoolInterface.h">
      <Filter>头文件</Filter>
    </ClInclude>
    <ClInclude Include="include\IrisUnil\IrisBlock.h">
      <Filter>头文件</Filter>
    </ClInclude>
    <ClInclude Include="include\IrisUnil\IrisCodeSegment.h">
      <Filter>头文件</Filter>
    </ClInclude>
    <ClInclude Include="include\IrisUnil\IrisHeap.h">
      <Filter>头文件</Filter>
    </ClInclude>
    <ClInclude Include="include\IrisUnil\IrisIdentifier.h">
      <Filter>头文件</Filter>
    </ClInclude>
    <ClInclude Include="include\IrisUnil\IrisInternString.h">
      <Filter>头文件</Filter>
    </ClInclude>
    <ClInclude Include="include\IrisUnil\IrisList.h">
      <Filter>头文件</Filter>
    </ClInclude>
    <ClInclude Include="include\IrisUnil\IrisStack.h">
      <Filter>头文件</Filter>
    </ClInclude>
    <ClInclude Include="include\IrisUnil\IrisTree.h">
      <Filter>头文件</Filter>
    </ClInclude>
    <ClInclude Include="include\IrisUnil\IrisValue.h">
      <Filter>头文件</Filter>
    </ClInclude>
    <ClInclude Include="include\IrisUnil\IrisValues.h">
      <Filter>头文件</Filter>
    </ClInclude>
    <ClInclude Include="include\IrisUnil\IrisVirtualCodeFile.h">
      <Filter>头文件</Filter>
    </ClInclude>
    <ClInclude Include="include\IrisCompiler.h">
      <Filter>头文件</Filter>
    </ClInclude>
    <ClInclude Include="include\IrisCompilerDev.h">
      <Filter>头文件</Filter>
    </ClInclude>
    <ClInclude Include="include\IrisDevelopUtil.h">
      <Filter>头文件</Filter>
    </ClInclude>
    <ClInclude Include="include\IrisDevHeader.h">
      <Filter>头文件</Filter>
    </ClInclude>
    <ClInclude Include="include\IrisExtentionUtil.h">
      <Filter>头文件</Filter>
    </ClInclude>
    <ClInclude Include="include\IrisFatalErrorHandler.h">
      <Filter>头文件</Filter>
    </ClInclude>
    <ClInclude Include="include\IrisInstructorMaker.h">
      <Filter>头文件</Filter>
    </ClInclude>
    <ClInclude Include="include\IrisInterpreter.h">
      <Filter>头文件</Filter>
    </ClInclude>
    <ClInclude Include="include\resource.h">
      <Filter>头文件</Filter>
    </ClInclude>
    <ClInclude Include="include\IrisLangLibrary.h">
      <Filter>头文件</Filter>
    </ClInclude>
    <ClInclude Include="include\targetver.h">
      <Filter>头文件</Filter>
    </ClInclude>
    <ClInclude Include="include\stdafx.h">
      <Filter>头文件</Filter>
    </ClInclude>
  </ItemGroup>
  <ItemGroup>
    <ClCompile Include="src\IrisComponents\IrisExpressions\IrisArrayExpression.cpp">
      <Filter>源文件</Filter>
    </ClCompile>
    <ClCompile Include="src\IrisComponents\IrisExpressions\IrisBinaryExpression.cpp">
      <Filter>源文件</Filter>
    </ClCompile>
    <ClCompile Include="src\IrisComponents\IrisExpressions\IrisExpression.cpp">
      <Filter>源文件</Filter>
    </ClCompile>
    <ClCompile Include="src\IrisComponents\IrisExpressions\IrisFieldExpression.cpp">
      <Filter>源文件</Filter>
    </ClCompile>
    <ClCompile Include="src\IrisComponents\IrisExpressions\IrisFunctionCallExpression.cpp">
      <Filter>源文件</Filter>
    </ClCompile>
    <ClCompile Include="src\IrisComponents\IrisExpressions\IrisHashExpression.cpp">
      <Filter>源文件</Filter>
    </ClCompile>
    <ClCompile Include="src\IrisComponents\IrisExpressions\IrisIdentifierExpression.cpp">
      <Filter>源文件</Filter>
    </ClCompile>
    <ClCompile Include="src\IrisComponents\IrisExpressions\IrisIndexExpression.cpp">
      <Filter>源文件</Filter>
    </ClCompile>
    <ClCompile Include="src\IrisComponents\IrisExpressions\IrisInstantValueExpression.cpp">
      <Filter>源文件</Filter>
    </ClCompile>
    <ClCompile Include="src\IrisComponents\IrisExpressions\IrisMemberExpression.cpp">
      <Filter>源文件</Filter>
    </ClCompile>
    <ClCompile Include="src\IrisComponents\IrisExpressions\IrisNativeObjectExpression.cpp">
      <Filter>源文件</Filter>
    </ClCompile>
    <ClCompile Include="src\IrisComponents\IrisExpressions\IrisRangeExpression.cpp">
      <Filter>源文件</Filter>
    </ClCompile>
    <ClCompile Include="src\IrisComponents\IrisExpressions\IrisUnaryExpression.cpp">
      <Filter>源文件</Filter>
    </ClCompile>
    <ClCompile Include="src\IrisComponents\IrisParts\IrisClosureBlockLiteral.cpp">
      <Filter>源文件</Filter>
    </ClCompile>
    <ClCompile Include="src\IrisComponents\IrisParts\IrisElseIf.cpp">
      <Filter>源文件</Filter>
    </ClCompile>
    <ClCompile Include="src\IrisComponents\IrisParts\IrisFieldIdentifier.cpp">
      <Filter>源文件</Filter>
    </ClCompile>
    <ClCompile Include="src\IrisComponents\IrisParts\IrisFunctionHeader.cpp">
      <Filter>源文件</Filter>
    </ClCompile>
    <ClCompile Include="src\IrisComponents\IrisParts\IrisHashPair.cpp">
      <Filter>源文件</Filter>
    </ClCompile>
    <ClCompile Include="src\IrisComponents\IrisParts\IrisSwitchBlock.cpp">
      <Filter>源文件</Filter>
    </ClCompile>
    <ClCompile Include="src\IrisComponents\IrisParts\IrisWhen.cpp">
      <Filter>源文件</Filter>
    </ClCompile>
    <ClCompile Include="src\IrisComponents\IrisStatements\IrisAuthorityStatement.cpp">
      <Filter>源文件</Filter>
    </ClCompile>
    <ClCompile Include="src\IrisComponents\IrisStatements\IrisBlockStatement.cpp">
      <Filter>源文件</Filter>
    </ClCompile>
    <ClCompile Include="src\IrisComponents\IrisStatements\IrisBreakStatement.cpp">
      <Filter>源文件</Filter>
    </ClCompile>
    <ClCompile Include="src\IrisComponents\IrisStatements\IrisCastStatement.cpp">
      <Filter>源文件</Filter>
    </ClCompile>
    <ClCompile Include="src\IrisComponents\IrisStatements\IrisClassStatement.cpp">
      <Filter>源文件</Filter>
    </ClCompile>
    <ClCompile Include="src\IrisComponents\IrisStatements\IrisConditionIfStatement.cpp">
      <Filter>源文件</Filter>
    </ClCompile>
    <ClCompile Include="src\IrisComponents\IrisStatements\IrisContinueStatement.cpp">
      <Filter>源文件</Filter>
    </ClCompile>
    <ClCompile Include="src\IrisComponents\IrisStatements\IrisForStatement.cpp">
      <Filter>源文件</Filter>
    </ClCompile>
    <ClCompile Include="src\IrisComponents\IrisStatements\IrisFunctionStatement.cpp">
      <Filter>源文件</Filter>
    </ClCompile>
    <ClCompile Include="src\IrisComponents\IrisStatements\IrisGetterStatement.cpp">
      <Filter>源文件</Filter>
    </ClCompile>
    <ClCompile Include="src\IrisComponents\IrisStatements\IrisGroanStatement.cpp">
      <Filter>源文件</Filter>
    </ClCompile>
    <ClCompile Include="src\IrisComponents\IrisStatements\IrisGSetterStatement.cpp">
      <Filter>源文件</Filter>
    </ClCompile>
    <ClCompile Include="src\IrisComponents\IrisStatements\IrisInterfaceFunctionStatement.cpp">
      <Filter>源文件</Filter>
    </ClCompile>
    <ClCompile Include="src\IrisComponents\IrisStatements\IrisInterfaceStatement.cpp">
      <Filter>源文件</Filter>
    </ClCompile>
    <ClCompile Include="src\IrisComponents\IrisStatements\IrisLoopIfStatement.cpp">
      <Filter>源文件</Filter>
    </ClCompile>
    <ClCompile Include="src\IrisComponents\IrisStatements\IrisModuleStatement.cpp">
      <Filter>源文件</Filter>
    </ClCompile>
    <ClCompile Include="src\IrisComponents\IrisStatements\IrisNormalStatement.cpp">
      <Filter>源文件</Filter>
    </ClCompile>
    <ClCompile Include="src\IrisComponents\IrisStatements\IrisOrderStatement.cpp">
      <Filter>源文件</Filter>
    </ClCompile>
    <ClCompile Include="src\IrisComponents\IrisStatements\IrisReturnStatement.cpp">
      <Filter>源文件</Filter>
    </ClCompile>
    <ClCompile Include="src\IrisComponents\IrisStatements\IrisSetterStatement.cpp">
      <Filter>源文件</Filter>
    </ClCompile>
    <ClCompile Include="src\IrisComponents\IrisStatements\IrisStatement.cpp">
      <Filter>源文件</Filter>
    </ClCompile>
    <ClCompile Include="src\IrisComponents\IrisStatements\IrisSuperStatement.cpp">
      <Filter>源文件</Filter>
    </ClCompile>
    <ClCompile Include="src\IrisComponents\IrisStatements\IrisSwitchStatement.cpp">
      <Filter>源文件</Filter>
    </ClCompile>
    <ClCompile Include="src\IrisComponents\LexYacc\lex.yy.cpp">
      <Filter>源文件</Filter>
    </ClCompile>
    <ClCompile Include="src\IrisComponents\LexYacc\y.tab.cpp">
      <Filter>源文件</Filter>
    </ClCompile>
    <ClCompile Include="src\IrisComponents\IrisSelfExpression.cpp">
      <Filter>源文件</Filter>
    </ClCompile>
    <ClCompile Include="src\IrisInterpreter\IrisNativeClasses\IrisArray.cpp">
      <Filter>源文件</Filter>
    </ClCompile>
    <ClCompile Include="src\IrisInterpreter\IrisNativeClasses\IrisArrayIterator.cpp">
      <Filter>源文件</Filter>
    </ClCompile>
    <ClCompile Include="src\IrisInterpreter\IrisNativeClasses\IrisArrayIteratorTag.cpp">
      <Filter>源文件</Filter>
    </ClCompile>
    <ClCompile Include="src\IrisInterpreter\IrisNativeClasses\IrisArrayTag.cpp">
      <Filter>源文件</Filter>
    </ClCompile>
    <ClCompile Include="src\IrisInterpreter\IrisNativeClasses\IrisClassBase.cpp">
      <Filter>源文件</Filter>
    </ClCompile>
    <ClCompile Include="src\IrisInterpreter\IrisNativeClasses\IrisClassBaseTag.cpp">
      <Filter>源文件</Filter>
    </ClCompile>
    <ClCompile Include="src\IrisInterpreter\IrisNativeClasses\IrisClosureBlockBase.cpp">
      <Filter>源文件</Filter>
    </ClCompile>
    <ClCompile Include="src\IrisInterpreter\IrisNativeClasses\IrisClosureBlockBaseTag.cpp">
      <Filter>源文件</Filter>
    </ClCompile>
    <ClCompile Include="src\IrisInterpreter\IrisNativeClasses\IrisDummyClass.cpp">
      <Filter>源文件</Filter>
    </ClCompile>
    <ClCompile Include="src\IrisInterpreter\IrisNativeClasses\IrisFalseClass.cpp">
      <Filter>源文件</Filter>
    </ClCompile>
    <ClCompile Include="src\IrisInterpreter\IrisNativeClasses\IrisFalseClassTag.cpp">
      <Filter>源文件</Filter>
    </ClCompile>
    <ClCompile Include="src\IrisInterpreter\IrisNativeClasses\IrisFloat.cpp">
      <Filter>源文件</Filter>
    </ClCompile>
    <ClCompile Include="src\IrisInterpreter\IrisNativeClasses\IrisFloatTag.cpp">
      <Filter>源文件</Filter>
    </ClCompile>
    <ClCompile Include="src\IrisInterpreter\IrisNativeClasses\IrisHash.cpp">
      <Filter>源文件</Filter>
    </ClCompile>
    <ClCompile Include="src\IrisInterpreter\IrisNativeClasses\IrisHashIterator.cpp">
      <Filter>源文件</Filter>
    </ClCompile>
    <ClCompile Include="src\IrisInterpreter\IrisNativeClasses\IrisHashIteratorTag.cpp">
      <Filter>源文件</Filter>
    </ClCompile>
    <ClCompile Include="src\IrisInterpreter\IrisNativeClasses\IrisHashTag.cpp">
      <Filter>源文件</Filter>
    </ClCompile>
    <ClCompile Include="src\IrisInterpreter\IrisNativeClasses\IrisInteger.cpp">
      <Filter>源文件</Filter>
    </ClCompile>
    <ClCompile Include="src\IrisInterpreter\IrisNativeClasses\IrisIntegerTag.cpp">
      <Filter>源文件</Filter>
    </ClCompile>
    <ClCompile Include="src\IrisInterpreter\IrisNativeClasses\IrisInterfaceBase.cpp">
      <Filter>源文件</Filter>
    </ClCompile>
    <ClCompile Include="src\IrisInterpreter\IrisNativeClasses\IrisInterfaceBaseTag.cpp">
      <Filter>源文件</Filter>
    </ClCompile>
    <ClCompile Include="src\IrisInterpreter\IrisNativeClasses\IrisMethodBase.cpp">
      <Filter>源文件</Filter>
    </ClCompile>
    <ClCompile Include="src\IrisInterpreter\IrisNativeClasses\IrisMethodBaseTag.cpp">
      <Filter>源文件</Filter>
    </ClCompile>
    <ClCompile Include="src\IrisInterpreter\IrisNativeClasses\IrisModuleBase.cpp">
      <Filter>源文件</Filter>
    </ClCompile>
    <ClCompile Include="src\IrisInterpreter\IrisNativeClasses\IrisModuleBaseTag.cpp">
      <Filter>源文件</Filter>
    </ClCompile>
    <ClCompile Include="src\IrisInterpreter\IrisNativeClasses\IrisNilClass.cpp">
      <Filter>源文件</Filter>
    </ClCompile>
    <ClCompile Include="src\IrisInterpreter\IrisNativeClasses\IrisNilClassTag.cpp">
      <Filter>源文件</Filter>
    </ClCompile>
    <ClCompile Include="src\IrisInterpreter\IrisNativeClasses\IrisObjectBase.cpp">
      <Filter>源文件</Filter>
    </ClCompile>
    <ClCompile Include="src\IrisInterpreter\IrisNativeClasses\IrisRange.cpp">
      <Filter>源文件</Filter>
    </ClCompile>
    <ClCompile Include="src\IrisInterpreter\IrisNativeClasses\IrisRangeIterator.cpp">
      <Filter>源文件</Filter>
    </ClCompile>
    <ClCompile Include="src\IrisInterpreter\IrisNativeClasses\IrisRangeIteratorTag.cpp">
      <Filter>源文件</Filter>
    </ClCompile>
    <ClCompile Include="src\IrisInterpreter\IrisNativeClasses\IrisRangeTag.cpp">
      <Filter>源文件</Filter>
    </ClCompile>
    <ClCompile Include="src\IrisInterpreter\IrisNativeClasses\IrisString.cpp">
      <Filter>源文件</Filter>
    </ClCompile>
    <ClCompile Include="src\IrisInterpreter\IrisNativeClasses\IrisStringTag.cpp">
      <Filter>源文件</Filter>
    </ClCompile>
    <ClCompile Include="src\IrisInterpreter\IrisNativeClasses\IrisTrueClass.cpp">
      <Filter>源文件</Filter>
    </ClCompile>
    <ClCompile Include="src\IrisInterpreter\IrisNativeClasses\IrisTrueClassTag.cpp">
      <Filter>源文件</Filter>
    </ClCompile>
    <ClCompile Include="src\IrisInterpreter\IrisNativeClasses\IrisUniqueString.cpp">
      <Filter>源文件</Filter>
    </ClCompile>
    <ClCompile Include="src\IrisInterpreter\IrisNativeClasses\IrisUniqueStringTag.cpp">
      <Filter>源文件</Filter>
    </ClCompile>
    <ClCompile Include="src\IrisInterpreter\IrisNativeModules\IrisDummyModule.cpp">
      <Filter>源文件</Filter>
    </ClCompile>
    <ClCompile Include="src\IrisInterpreter\IrisNativeModules\IrisGC.cpp">
      <Filter>源文件</Filter>
    </ClCompile>
    <ClCompile Include="src\IrisInterpreter\IrisNativeModules\IrisGCModule.cpp">
      <Filter>源文件</Filter>
    </ClCompile>
    <ClCompile Include="src\IrisInterpreter\IrisNativeModules\IrisKernel.cpp">
      <Filter>源文件</Filter>
    </ClCompile>
    <ClCompile Include="src\IrisInterpreter\IrisStructure\IrisClass.cpp">
      <Filter>源文件</Filter>
    </ClCompile>
    <ClCompile Include="src\IrisInterpreter\IrisStructure\IrisClosureBlock.cpp">
      <Filter>源文件</Filter>
    </ClCompile>
    <ClCompile Include="src\IrisInterpreter\IrisStructure\IrisInterface.cpp">
      <Filter>源文件</Filter>
    </ClCompile>
    <ClCompile Include="src\IrisInterpreter\IrisStructure\IrisMethod.cpp">
      <Filter>源文件</Filter>
    </ClCompile>
    <ClCompile Include="src\IrisInterpreter\IrisStructure\IrisModule.cpp">
      <Filter>源文件</Filter>
    </ClCompile>
    <ClCompile Include="src\IrisInterpreter\IrisStructure\IrisObject.cpp">
      <Filter>源文件</Filter>
    </ClCompile>
    <ClCompile Include="src\IrisThread\IrisConditionVariable.cpp">
      <Filter>源文件</Filter>
    </ClCompile>
    <ClCompile Include="src\IrisThread\IrisConditionVariableTag.cpp">
      <Filter>源文件</Filter>
    </ClCompile>
    <ClCompile Include="src\IrisThread\IrisMutex.cpp">
      <Filter>源文件</Filter>
    </ClCompile>
    <ClCompile Include="src\IrisThread\IrisMutexTag.cpp">
      <Filter>源文件</Filter>
    </ClCompile>
    <ClCompile Include="src\IrisThread\IrisThread.cpp">
      <Filter>源文件</Filter>
    </ClCompile>
    <ClCompile Include="src\IrisThread\IrisThreadManager.cpp">
      <Filter>源文件</Filter>
    </ClCompile>
    <ClCompile Include="src\IrisThread\IrisThreadTag.cpp">
      <Filter>源文件</Filter>
    </ClCompile>
    <ClCompile Include="src\IrisUnil\IrisMemoryPool\IrisAbstractMemoryPool.cpp">
      <Filter>源文件</Filter>
    </ClCompile>
    <ClCompile Include="src\IrisUnil\IrisBlock.cpp">
      <Filter>源文件</Filter>
    </ClCompile>
    <ClCompile Include="src\IrisUnil\IrisCodeSegment.cpp">
      <Filter>源文件</Filter>
    </ClCompile>
    <ClCompile Include="src\IrisUnil\IrisContextEnvironment.cpp">
      <Filter>源文件</Filter>
    </ClCompile>
    <ClCompile Include="src\IrisUnil\IrisHeap.cpp">
      <Filter>源文件</Filter>
    </ClCompile>
    <ClCompile Include="src\IrisUnil\IrisIdentifier.cpp">
      <Filter>源文件</Filter>
    </ClCompile>
    <ClCompile Include="src\IrisUnil\IrisInternString.cpp">
      <Filter>源文件</Filter>
    </ClCompile>
    <ClCompile Include="src\IrisUnil\IrisStack.cpp">
      <Filter>源文件</Filter>
    </ClCompile>
    <ClCompile Include="src\IrisUnil\IrisValues.cpp">
      <Filter>源文件</Filter>
    </ClCompile>
    <ClCompile Include="src\IrisUnil\IrisVirtualCodeFile.cpp">
      <Filter>源文件</Filter>
    </ClCompile>
    <ClCompile Include="src\IrisCompiler.cpp">
      <Filter>源文件</Filter>
    </ClCompile>
    <ClCompile Include="src\IrisDevelopUtil.cpp">
      <Filter>源文件</Filter>
    </ClCompile>
    <ClCompile Include="src\IrisFatalErrorHandler.cpp">
      <Filter>源文件</Filter>
    </ClCompile>
    <ClCompile Include="src\IrisInstructorMaker.cpp">
      <Filter>源文件</Filter>
    </ClCompile>
    <ClCompile Include="src\IrisInterpreter.cpp">
      <Filter>源文件</Filter>
    </ClCompile>
    <ClCompile Include="src\IrisUnil\IrisValue.cpp">
      <Filter>源文件</Filter>
    </ClCompile>
    <ClCompile Include="src\IrisLangLibrary.cpp">
      <Filter>源文件</Filter>
    </ClCompile>
    <ClCompile Include="src\dllmain.cpp">
      <Filter>源文件</Filter>
    </ClCompile>
    <ClCompile Include="src\stdafx.cpp">
      <Filter>源文件</Filter>
    </ClCompile>
  </ItemGroup>
</Project>