<?xml version="1.0" encoding="utf-8"?>
<Project ToolsVersion="4.0" xmlns="http://schemas.microsoft.com/developer/msbuild/2003">
  <ItemGroup>
    <Filter Include="源文件">
      <UniqueIdentifier>{4FC737F1-C7A5-4376-A066-2A32D752A2FF}</UniqueIdentifier>
      <Extensions>cpp;c;cc;cxx;def;odl;idl;hpj;bat;asm;asmx</Extensions>
    </Filter>
    <Filter Include="头文件">
      <UniqueIdentifier>{93995380-89BD-4b04-88EB-625FBE52EBFB}</UniqueIdentifier>
      <Extensions>h;hh;hpp;hxx;hm;inl;inc;xsd</Extensions>
    </Filter>
    <Filter Include="资源文件">
      <UniqueIdentifier>{67DA6AB6-F800-4c08-8B7A-83BB121AAD01}</UniqueIdentifier>
      <Extensions>rc;ico;cur;bmp;dlg;rc2;rct;bin;rgs;gif;jpg;jpeg;jpe;resx;tiff;tif;png;wav;mfcribbon-ms</Extensions>
    </Filter>
  </ItemGroup>
  <ItemGroup>
    <ClCompile Include="src\dllmain.cpp">
      <Filter>源文件</Filter>
    </ClCompile>
    <ClCompile Include="src\IrisCompiler.cpp">
      <Filter>源文件</Filter>
    </ClCompile>
    <ClCompile Include="src\IrisDevelopUtil.cpp">
      <Filter>源文件</Filter>
    </ClCompile>
    <ClCompile Include="src\IrisFatalErrorHandler.cpp">
      <Filter>源文件</Filter>
    </ClCompile>
    <ClCompile Include="src\IrisInstructorMaker.cpp">
      <Filter>源文件</Filter>
    </ClCompile>
    <ClCompile Include="src\IrisInterpreter.cpp">
      <Filter>源文件</Filter>
    </ClCompile>
    <ClCompile Include="src\main.cpp">
      <Filter>源文件</Filter>
    </ClCompile>
    <ClCompile Include="src\stdafx.cpp">
      <Filter>源文件</Filter>
    </ClCompile>
    <ClCompile Include="src\IrisComponents\IrisExpressions\IrisArrayExpression.cpp">
      <Filter>源文件</Filter>
    </ClCompile>
    <ClCompile Include="src\IrisComponents\IrisExpressions\IrisBinaryExpression.cpp">
      <Filter>源文件</Filter>
    </ClCompile>
    <ClCompile Include="src\IrisComponents\IrisExpressions\IrisExpression.cpp">
      <Filter>源文件</Filter>
    </ClCompile>
    <ClCompile Include="src\IrisComponents\IrisExpressions\IrisFieldExpression.cpp">
      <Filter>源文件</Filter>
    </ClCompile>
    <ClCompile Include="src\IrisComponents\IrisExpressions\IrisFunctionCallExpression.cpp">
      <Filter>源文件</Filter>
    </ClCompile>
    <ClCompile Include="src\IrisComponents\IrisExpressions\IrisHashExpression.cpp">
      <Filter>源文件</Filter>
    </ClCompile>
    <ClCompile Include="src\IrisComponents\IrisExpressions\IrisIdentifierExpression.cpp">
      <Filter>源文件</Filter>
    </ClCompile>
    <ClCompile Include="src\IrisComponents\IrisExpressions\IrisIndexExpression.cpp">
      <Filter>源文件</Filter>
    </ClCompile>
    <ClCompile Include="src\IrisComponents\IrisExpressions\IrisInstantValueExpression.cpp">
      <Filter>源文件</Filter>
    </ClCompile>
    <ClCompile Include="src\IrisComponents\IrisExpressions\IrisMemberExpression.cpp">
      <Filter>源文件</Filter>
    </ClCompile>
    <ClCompile Include="src\IrisComponents\IrisExpressions\IrisNativeObjectExpression.cpp">
      <Filter>源文件</Filter>
    </ClCompile>
    <ClCompile Include="src\IrisComponents\IrisExpressions\IrisRangeExpression.cpp">
      <Filter>源文件</Filter>
    </ClCompile>
    <ClCompile Include="src\IrisComponents\IrisExpressions\IrisUnaryExpression.cpp">
      <Filter>源文件</Filter>
    </ClCompile>
    <ClCompile Include="src\IrisComponents\IrisParts\IrisClosureBlockLiteral.cpp">
      <Filter>源文件</Filter>
    </ClCompile>
    <ClCompile Include="src\IrisComponents\IrisParts\IrisElseIf.cpp">
      <Filter>源文件</Filter>
    </ClCompile>
    <ClCompile Include="src\IrisComponents\IrisParts\IrisFieldIdentifier.cpp">
      <Filter>源文件</Filter>
    </ClCompile>
    <ClCompile Include="src\IrisComponents\IrisParts\IrisFunctionHeader.cpp">
      <Filter>源文件</Filter>
    </ClCompile>
    <ClCompile Include="src\IrisComponents\IrisParts\IrisHashPair.cpp">
      <Filter>源文件</Filter>
    </ClCompile>
    <ClCompile Include="src\IrisComponents\IrisParts\IrisSwitchBlock.cpp">
      <Filter>源文件</Filter>
    </ClCompile>
    <ClCompile Include="src\IrisComponents\IrisParts\IrisWhen.cpp">
      <Filter>源文件</Filter>
    </ClCompile>
    <ClCompile Include="src\IrisComponents\IrisStatements\IrisAuthorityStatement.cpp">
      <Filter>源文件</Filter>
    </ClCompile>
    <ClCompile Include="src\IrisComponents\IrisStatements\IrisBlockStatement.cpp">
      <Filter>源文件</Filter>
    </ClCompile>
    <ClCompile Include="src\IrisComponents\IrisStatements\IrisBreakStatement.cpp">
      <Filter>源文件</Filter>
    </ClCompile>
    <ClCompile Include="src\IrisComponents\IrisStatements\IrisCastStatement.cpp">
      <Filter>源文件</Filter>
    </ClCompile>
    <ClCompile Include="src\IrisComponents\IrisStatements\IrisClassStatement.cpp">
      <Filter>源文件</Filter>
    </ClCompile>
    <ClCompile Include="src\IrisComponents\IrisStatements\IrisConditionIfStatement.cpp">
      <Filter>源文件</Filter>
    </ClCompile>
    <ClCompile Include="src\IrisComponents\IrisStatements\IrisContinueStatement.cpp">
      <Filter>源文件</Filter>
    </ClCompile>
    <ClCompile Include="src\IrisComponents\IrisStatements\IrisForStatement.cpp">
      <Filter>源文件</Filter>
    </ClCompile>
    <ClCompile Include="src\IrisComponents\IrisStatements\IrisFunctionStatement.cpp">
      <Filter>源文件</Filter>
    </ClCompile>
    <ClCompile Include="src\IrisComponents\IrisStatements\IrisGetterStatement.cpp">
      <Filter>源文件</Filter>
    </ClCompile>
    <ClCompile Include="src\IrisComponents\IrisStatements\IrisGroanStatement.cpp">
      <Filter>源文件</Filter>
    </ClCompile>
    <ClCompile Include="src\IrisComponents\IrisStatements\IrisGSetterStatement.cpp">
      <Filter>源文件</Filter>
    </ClCompile>
    <ClCompile Include="src\IrisComponents\IrisStatements\IrisInterfaceFunctionStatement.cpp">
      <Filter>源文件</Filter>
    </ClCompile>
    <ClCompile Include="src\IrisComponents\IrisStatements\IrisInterfaceStatement.cpp">
      <Filter>源文件</Filter>
    </ClCompile>
    <ClCompile Include="src\IrisComponents\IrisStatements\IrisLoopIfStatement.cpp">
      <Filter>源文件</Filter>
    </ClCompile>
    <ClCompile Include="src\IrisComponents\IrisStatements\IrisModuleStatement.cpp">
      <Filter>源文件</Filter>
    </ClCompile>
    <ClCompile Include="src\IrisComponents\IrisStatements\IrisNormalStatement.cpp">
      <Filter>源文件</Filter>
    </ClCompile>
    <ClCompile Include="src\IrisComponents\IrisStatements\IrisOrderStatement.cpp">
      <Filter>源文件</Filter>
    </ClCompile>
    <ClCompile Include="src\IrisComponents\IrisStatements\IrisReturnStatement.cpp">
      <Filter>源文件</Filter>
    </ClCompile>
    <ClCompile Include="src\IrisComponents\IrisStatements\IrisSetterStatement.cpp">
      <Filter>源文件</Filter>
    </ClCompile>
    <ClCompile Include="src\IrisComponents\IrisStatements\IrisStatement.cpp">
      <Filter>源文件</Filter>
    </ClCompile>
    <ClCompile Include="src\IrisComponents\IrisStatements\IrisSuperStatement.cpp">
      <Filter>源文件</Filter>
    </ClCompile>
    <ClCompile Include="src\IrisComponents\IrisStatements\IrisSwitchStatement.cpp">
      <Filter>源文件</Filter>
    </ClCompile>
    <ClCompile Include="src\IrisComponents\LexYacc\lex.yy.cpp">
      <Filter>源文件</Filter>
    </ClCompile>
    <ClCompile Include="src\IrisComponents\LexYacc\y.tab.cpp">
      <Filter>源文件</Filter>
    </ClCompile>
    <ClCompile Include="src\IrisComponents\IrisSelfExpression.cpp">
      <Filter>源文件</Filter>
    </ClCompile>
    <ClCompile Include="src\IrisExportAPIs\IrisExportForC.cpp">
      <Filter>源文件</Filter>
    </ClCompile>
    <ClCompile Include="src\IrisExportAPIs\IrisExportForCpp.cpp">
      <Filter>源文件</Filter>
    </ClCompile>
    <ClCompile Include="src\IrisInterpreter\IrisNativeClasses\IrisArray.cpp">
      <Filter>源文件</Filter>
    </ClCompile>
    <ClCompile Include="src\IrisInterpreter\IrisNativeClasses\IrisArrayIterator.cpp">
      <Filter>源文件</Filter>
    </ClCompile>
    <ClCompile Include="src\IrisInterpreter\IrisNativeClasses\IrisArrayIteratorTag.cpp">
      <Filter>源文件</Filter>
    </ClCompile>
    <ClCompile Include="src\IrisInterpreter\IrisNativeClasses\IrisArrayTag.cpp">
      <Filter>源文件</Filter>
    </ClCompile>
    <ClCompile Include="src\IrisInterpreter\IrisNativeClasses\IrisClassBase.cpp">
      <Filter>源文件</Filter>
    </ClCompile>
    <ClCompile Include="src\IrisInterpreter\IrisNativeClasses\IrisClassBaseTag.cpp">
      <Filter>源文件</Filter>
    </ClCompile>
    <ClCompile Include="src\IrisInterpreter\IrisNativeClasses\IrisClosureBlockBase.cpp">
      <Filter>源文件</Filter>
    </ClCompile>
    <ClCompile Include="src\IrisInterpreter\IrisNativeClasses\IrisClosureBlockBaseTag.cpp">
      <Filter>源文件</Filter>
    </ClCompile>
    <ClCompile Include="src\IrisInterpreter\IrisNativeClasses\IrisDummyClass.cpp">
      <Filter>源文件</Filter>
    </ClCompile>
    <ClCompile Include="src\IrisInterpreter\IrisNativeClasses\IrisFalseClass.cpp">
      <Filter>源文件</Filter>
    </ClCompile>
    <ClCompile Include="src\IrisInterpreter\IrisNativeClasses\IrisFalseClassTag.cpp">
      <Filter>源文件</Filter>
    </ClCompile>
    <ClCompile Include="src\IrisInterpreter\IrisNativeClasses\IrisFloat.cpp">
      <Filter>源文件</Filter>
    </ClCompile>
    <ClCompile Include="src\IrisInterpreter\IrisNativeClasses\IrisFloatTag.cpp">
      <Filter>源文件</Filter>
    </ClCompile>
    <ClCompile Include="src\IrisInterpreter\IrisNativeClasses\IrisHash.cpp">
      <Filter>源文件</Filter>
    </ClCompile>
    <ClCompile Include="src\IrisInterpreter\IrisNativeClasses\IrisHashIterator.cpp">
      <Filter>源文件</Filter>
    </ClCompile>
    <ClCompile Include="src\IrisInterpreter\IrisNativeClasses\IrisHashIteratorTag.cpp">
      <Filter>源文件</Filter>
    </ClCompile>
    <ClCompile Include="src\IrisInterpreter\IrisNativeClasses\IrisHashTag.cpp">
      <Filter>源文件</Filter>
    </ClCompile>
    <ClCompile Include="src\IrisInterpreter\IrisNativeClasses\IrisInteger.cpp">
      <Filter>源文件</Filter>
    </ClCompile>
    <ClCompile Include="src\IrisInterpreter\IrisNativeClasses\IrisIntegerTag.cpp">
      <Filter>源文件</Filter>
    </ClCompile>
    <ClCompile Include="src\IrisInterpreter\IrisNativeClasses\IrisInterfaceBase.cpp">
      <Filter>源文件</Filter>
    </ClCompile>
    <ClCompile Include="src\IrisInterpreter\IrisNativeClasses\IrisInterfaceBaseTag.cpp">
      <Filter>源文件</Filter>
    </ClCompile>
    <ClCompile Include="src\IrisInterpreter\IrisNativeClasses\IrisIrregular.cpp">
      <Filter>源文件</Filter>
    </ClCompile>
    <ClCompile Include="src\IrisInterpreter\IrisNativeClasses\IrisIrregularTag.cpp">
      <Filter>源文件</Filter>
    </ClCompile>
    <ClCompile Include="src\IrisInterpreter\IrisNativeClasses\IrisMethodBase.cpp">
      <Filter>源文件</Filter>
    </ClCompile>
    <ClCompile Include="src\IrisInterpreter\IrisNativeClasses\IrisMethodBaseTag.cpp">
      <Filter>源文件</Filter>
    </ClCompile>
    <ClCompile Include="src\IrisInterpreter\IrisNativeClasses\IrisModuleBase.cpp">
      <Filter>源文件</Filter>
    </ClCompile>
    <ClCompile Include="src\IrisInterpreter\IrisNativeClasses\IrisModuleBaseTag.cpp">
      <Filter>源文件</Filter>
    </ClCompile>
    <ClCompile Include="src\IrisInterpreter\IrisNativeClasses\IrisNilClass.cpp">
      <Filter>源文件</Filter>
    </ClCompile>
    <ClCompile Include="src\IrisInterpreter\IrisNativeClasses\IrisNilClassTag.cpp">
      <Filter>源文件</Filter>
    </ClCompile>
    <ClCompile Include="src\IrisInterpreter\IrisNativeClasses\IrisObjectBase.cpp">
      <Filter>源文件</Filter>
    </ClCompile>
    <ClCompile Include="src\IrisInterpreter\IrisNativeClasses\IrisRange.cpp">
      <Filter>源文件</Filter>
    </ClCompile>
    <ClCompile Include="src\IrisInterpreter\IrisNativeClasses\IrisRangeIterator.cpp">
      <Filter>源文件</Filter>
    </ClCompile>
    <ClCompile Include="src\IrisInterpreter\IrisNativeClasses\IrisRangeIteratorTag.cpp">
      <Filter>源文件</Filter>
    </ClCompile>
    <ClCompile Include="src\IrisInterpreter\IrisNativeClasses\IrisRangeTag.cpp">
      <Filter>源文件</Filter>
    </ClCompile>
    <ClCompile Include="src\IrisInterpreter\IrisNativeClasses\IrisString.cpp">
      <Filter>源文件</Filter>
    </ClCompile>
    <ClCompile Include="src\IrisInterpreter\IrisNativeClasses\IrisStringTag.cpp">
      <Filter>源文件</Filter>
    </ClCompile>
    <ClCompile Include="src\IrisInterpreter\IrisNativeClasses\IrisTrueClass.cpp">
      <Filter>源文件</Filter>
    </ClCompile>
    <ClCompile Include="src\IrisInterpreter\IrisNativeClasses\IrisTrueClassTag.cpp">
      <Filter>源文件</Filter>
    </ClCompile>
    <ClCompile Include="src\IrisInterpreter\IrisNativeClasses\IrisUniqueString.cpp">
      <Filter>源文件</Filter>
    </ClCompile>
    <ClCompile Include="src\IrisInterpreter\IrisNativeClasses\IrisUniqueStringTag.cpp">
      <Filter>源文件</Filter>
    </ClCompile>
    <ClCompile Include="src\IrisInterpreter\IrisNativeModules\IrisDummyModule.cpp">
      <Filter>源文件</Filter>
    </ClCompile>
    <ClCompile Include="src\IrisInterpreter\IrisNativeModules\IrisGC.cpp">
      <Filter>源文件</Filter>
    </ClCompile>
    <ClCompile Include="src\IrisInterpreter\IrisNativeModules\IrisGCModule.cpp">
      <Filter>源文件</Filter>
    </ClCompile>
    <ClCompile Include="src\IrisInterpreter\IrisNativeModules\IrisKernel.cpp">
      <Filter>源文件</Filter>
    </ClCompile>
    <ClCompile Include="src\IrisInterpreter\IrisStructure\IrisClass.cpp">
      <Filter>源文件</Filter>
    </ClCompile>
    <ClCompile Include="src\IrisInterpreter\IrisStructure\IrisClosureBlock.cpp">
      <Filter>源文件</Filter>
    </ClCompile>
    <ClCompile Include="src\IrisInterpreter\IrisStructure\IrisInterface.cpp">
      <Filter>源文件</Filter>
    </ClCompile>
    <ClCompile Include="src\IrisInterpreter\IrisStructure\IrisMethod.cpp">
      <Filter>源文件</Filter>
    </ClCompile>
    <ClCompile Include="src\IrisInterpreter\IrisStructure\IrisModule.cpp">
      <Filter>源文件</Filter>
    </ClCompile>
    <ClCompile Include="src\IrisInterpreter\IrisStructure\IrisObject.cpp">
      <Filter>源文件</Filter>
    </ClCompile>
    <ClCompile Include="src\IrisThread\IrisConditionVariable.cpp">
      <Filter>源文件</Filter>
    </ClCompile>
    <ClCompile Include="src\IrisThread\IrisConditionVariableTag.cpp">
      <Filter>源文件</Filter>
    </ClCompile>
    <ClCompile Include="src\IrisThread\IrisMutex.cpp">
      <Filter>源文件</Filter>
    </ClCompile>
    <ClCompile Include="src\IrisThread\IrisMutexTag.cpp">
      <Filter>源文件</Filter>
    </ClCompile>
    <ClCompile Include="src\IrisThread\IrisThread.cpp">
      <Filter>源文件</Filter>
    </ClCompile>
    <ClCompile Include="src\IrisThread\IrisThreadManager.cpp">
      <Filter>源文件</Filter>
    </ClCompile>
    <ClCompile Include="src\IrisThread\IrisThreadTag.cpp">
      <Filter>源文件</Filter>
    </ClCompile>
    <ClCompile Include="src\IrisUnil\IrisMemoryPool\IrisAbstractMemoryPool.cpp">
      <Filter>源文件</Filter>
    </ClCompile>
    <ClCompile Include="src\IrisUnil\IrisBlock.cpp">
      <Filter>源文件</Filter>
    </ClCompile>
    <ClCompile Include="src\IrisUnil\IrisCodeSegment.cpp">
      <Filter>源文件</Filter>
    </ClCompile>
    <ClCompile Include="src\IrisUnil\IrisContextEnvironment.cpp">
      <Filter>源文件</Filter>
    </ClCompile>
    <ClCompile Include="src\IrisUnil\IrisHeap.cpp">
      <Filter>源文件</Filter>
    </ClCompile>
    <ClCompile Include="src\IrisUnil\IrisIdentifier.cpp">
      <Filter>源文件</Filter>
    </ClCompile>
    <ClCompile Include="src\IrisUnil\IrisInternString.cpp">
      <Filter>源文件</Filter>
    </ClCompile>
    <ClCompile Include="src\IrisUnil\IrisStack.cpp">
      <Filter>源文件</Filter>
    </ClCompile>
    <ClCompile Include="src\IrisUnil\IrisValue.cpp">
      <Filter>源文件</Filter>
    </ClCompile>
    <ClCompile Include="src\IrisUnil\IrisValues.cpp">
      <Filter>源文件</Filter>
    </ClCompile>
    <ClCompile Include="src\IrisUnil\IrisVirtualCodeFile.cpp">
      <Filter>源文件</Filter>
    </ClCompile>
  </ItemGroup>
</Project>